
Microsoft Visual Studio Solution File, Format Version 12.00
# Visual Studio 2013
VisualStudioVersion = 12.0.31101.0
MinimumVisualStudioVersion = 10.0.40219.1
Project("{2150E333-8FDC-42A3-9474-1A3956D46DE8}") = "Solution Items", "Solution Items", "{A2A684BD-D8AA-4F14-BACA-AF820A26D72A}"
	ProjectSection(SolutionItems) = preProject
		.gitattributes = .gitattributes
		.gitignore = .gitignore
		_config.yml = _config.yml
		Gemfile = Gemfile
		Gemfile.lock = Gemfile.lock
		index.html = index.html
		params.json = params.json
		README.md = README.md
	EndProjectSection
EndProject
Project("{2150E333-8FDC-42A3-9474-1A3956D46DE8}") = "Fonts", "Fonts", "{E26DD37A-663A-48F5-8A28-90915AEF0146}"
	ProjectSection(SolutionItems) = preProject
		fonts\OpenSans-Bold-webfont.eot = fonts\OpenSans-Bold-webfont.eot
		fonts\OpenSans-Bold-webfont.svg = fonts\OpenSans-Bold-webfont.svg
		fonts\OpenSans-Bold-webfont.ttf = fonts\OpenSans-Bold-webfont.ttf
		fonts\OpenSans-Bold-webfont.woff = fonts\OpenSans-Bold-webfont.woff
		fonts\OpenSans-BoldItalic-webfont.eot = fonts\OpenSans-BoldItalic-webfont.eot
		fonts\OpenSans-BoldItalic-webfont.svg = fonts\OpenSans-BoldItalic-webfont.svg
		fonts\OpenSans-BoldItalic-webfont.ttf = fonts\OpenSans-BoldItalic-webfont.ttf
		fonts\OpenSans-BoldItalic-webfont.woff = fonts\OpenSans-BoldItalic-webfont.woff
		fonts\OpenSans-Italic-webfont.eot = fonts\OpenSans-Italic-webfont.eot
		fonts\OpenSans-Italic-webfont.svg = fonts\OpenSans-Italic-webfont.svg
		fonts\OpenSans-Italic-webfont.ttf = fonts\OpenSans-Italic-webfont.ttf
		fonts\OpenSans-Italic-webfont.woff = fonts\OpenSans-Italic-webfont.woff
		fonts\OpenSans-Light-webfont.eot = fonts\OpenSans-Light-webfont.eot
		fonts\OpenSans-Light-webfont.svg = fonts\OpenSans-Light-webfont.svg
		fonts\OpenSans-Light-webfont.ttf = fonts\OpenSans-Light-webfont.ttf
		fonts\OpenSans-Light-webfont.woff = fonts\OpenSans-Light-webfont.woff
		fonts\OpenSans-LightItalic-webfont.eot = fonts\OpenSans-LightItalic-webfont.eot
		fonts\OpenSans-LightItalic-webfont.svg = fonts\OpenSans-LightItalic-webfont.svg
		fonts\OpenSans-LightItalic-webfont.ttf = fonts\OpenSans-LightItalic-webfont.ttf
		fonts\OpenSans-LightItalic-webfont.woff = fonts\OpenSans-LightItalic-webfont.woff
		fonts\OpenSans-Regular-webfont.eot = fonts\OpenSans-Regular-webfont.eot
		fonts\OpenSans-Regular-webfont.svg = fonts\OpenSans-Regular-webfont.svg
		fonts\OpenSans-Regular-webfont.ttf = fonts\OpenSans-Regular-webfont.ttf
		fonts\OpenSans-Regular-webfont.woff = fonts\OpenSans-Regular-webfont.woff
		fonts\OpenSans-Semibold-webfont.eot = fonts\OpenSans-Semibold-webfont.eot
		fonts\OpenSans-Semibold-webfont.svg = fonts\OpenSans-Semibold-webfont.svg
		fonts\OpenSans-Semibold-webfont.ttf = fonts\OpenSans-Semibold-webfont.ttf
		fonts\OpenSans-Semibold-webfont.woff = fonts\OpenSans-Semibold-webfont.woff
		fonts\OpenSans-SemiboldItalic-webfont.eot = fonts\OpenSans-SemiboldItalic-webfont.eot
		fonts\OpenSans-SemiboldItalic-webfont.svg = fonts\OpenSans-SemiboldItalic-webfont.svg
		fonts\OpenSans-SemiboldItalic-webfont.ttf = fonts\OpenSans-SemiboldItalic-webfont.ttf
		fonts\OpenSans-SemiboldItalic-webfont.woff = fonts\OpenSans-SemiboldItalic-webfont.woff
	EndProjectSection
EndProject
Project("{2150E333-8FDC-42A3-9474-1A3956D46DE8}") = "images", "images", "{D04C4D6F-9611-4972-92E6-9E9158F6964D}"
	ProjectSection(SolutionItems) = preProject
		images\2014-12-01-FieldMedic-Advanced.png = images\2014-12-01-FieldMedic-Advanced.png
		images\2014-12-01-FieldMedic-Categories.png = images\2014-12-01-FieldMedic-Categories.png
		images\2014-12-01-FieldMedic-Main.png = images\2014-12-01-FieldMedic-Main.png
		images\2014-12-01-WPA.png = images\2014-12-01-WPA.png
		images\bullet.png = images\bullet.png
		images\hr.gif = images\hr.gif
		images\nav-bg.gif = images\nav-bg.gif
	EndProjectSection
EndProject
Project("{2150E333-8FDC-42A3-9474-1A3956D46DE8}") = "javascripts", "javascripts", "{8C508256-3A1E-480A-AE3C-D3E7E693FB20}"
	ProjectSection(SolutionItems) = preProject
		javascripts\respond.js = javascripts\respond.js
	EndProjectSection
EndProject
Project("{2150E333-8FDC-42A3-9474-1A3956D46DE8}") = "stylesheets", "stylesheets", "{3B8B6AF6-C2EE-439D-96CD-82EE68A57F2B}"
	ProjectSection(SolutionItems) = preProject
		stylesheets\ie.css = stylesheets\ie.css
		stylesheets\normalize.css = stylesheets\normalize.css
		stylesheets\pygment_trac.css = stylesheets\pygment_trac.css
		stylesheets\styles.css = stylesheets\styles.css
	EndProjectSection
EndProject
Project("{2150E333-8FDC-42A3-9474-1A3956D46DE8}") = "_includes", "_includes", "{63E7D1A4-F317-498D-B55E-507FDEB98EE0}"
	ProjectSection(SolutionItems) = preProject
		_includes\comments.html = _includes\comments.html
	EndProjectSection
EndProject
Project("{2150E333-8FDC-42A3-9474-1A3956D46DE8}") = "_layouts", "_layouts", "{4773AF28-2592-4AC9-91BD-0EACA002E36E}"
	ProjectSection(SolutionItems) = preProject
		_layouts\post.html = _layouts\post.html
	EndProjectSection
EndProject
Project("{2150E333-8FDC-42A3-9474-1A3956D46DE8}") = "_posts", "_posts", "{C1AB155B-6B14-412A-894D-6CE491E3262F}"
	ProjectSection(SolutionItems) = preProject
		_posts\2014-11-25-exporting-an-azure-storage-table-to-a-csv-file-using-powershell.md = _posts\2014-11-25-exporting-an-azure-storage-table-to-a-csv-file-using-powershell.md
		_posts\2014-11-26-importing-datetime-from-azure-table-to-r-and-matlab.md = _posts\2014-11-26-importing-datetime-from-azure-table-to-r-and-matlab.md
		_posts\2014-12-01-field-medic-custom-logging.md = _posts\2014-12-01-field-medic-custom-logging.md
	EndProjectSection
EndProject
Project("{2150E333-8FDC-42A3-9474-1A3956D46DE8}") = "download", "download", "{F57B2154-F4D6-4515-B404-A34444D62B4A}"
	ProjectSection(SolutionItems) = preProject
		download\MultimediaMem.wprp = download\MultimediaMem.wprp
		download\MultimediaPerf.wprp = download\MultimediaPerf.wprp
		download\TraceWpp.wprp = download\TraceWpp.wprp
	EndProjectSection
EndProject
Global
	GlobalSection(SolutionProperties) = preSolution
		HideSolutionNode = FALSE
	EndGlobalSection
	GlobalSection(NestedProjects) = preSolution
		{E26DD37A-663A-48F5-8A28-90915AEF0146} = {A2A684BD-D8AA-4F14-BACA-AF820A26D72A}
		{D04C4D6F-9611-4972-92E6-9E9158F6964D} = {A2A684BD-D8AA-4F14-BACA-AF820A26D72A}
		{8C508256-3A1E-480A-AE3C-D3E7E693FB20} = {A2A684BD-D8AA-4F14-BACA-AF820A26D72A}
		{3B8B6AF6-C2EE-439D-96CD-82EE68A57F2B} = {A2A684BD-D8AA-4F14-BACA-AF820A26D72A}
		{63E7D1A4-F317-498D-B55E-507FDEB98EE0} = {A2A684BD-D8AA-4F14-BACA-AF820A26D72A}
		{4773AF28-2592-4AC9-91BD-0EACA002E36E} = {A2A684BD-D8AA-4F14-BACA-AF820A26D72A}
		{C1AB155B-6B14-412A-894D-6CE491E3262F} = {A2A684BD-D8AA-4F14-BACA-AF820A26D72A}
		{F57B2154-F4D6-4515-B404-A34444D62B4A} = {A2A684BD-D8AA-4F14-BACA-AF820A26D72A}
	EndGlobalSection
EndGlobal
